<?xml version="1.0" encoding="utf-8"?>
<Project ToolsVersion="4.0" xmlns="http://schemas.microsoft.com/developer/msbuild/2003">
  <ItemGroup>
    <ClCompile Include="GenericAssembler.ixx" />
    <ClCompile Include="Unit.ixx" />
    <ClCompile Include="Lexer.ixx" />
    <ClCompile Include="Definitions.ixx" />
  </ItemGroup>
</Project>